// !$*UTF8*$!
{
	archiveVersion = 1;
	classes = {
	};
	objectVersion = 50;
	objects = {

/* Begin PBXBuildFile section */
		ABC044B320C4132700C9A897 /* AppDelegate.m in Sources */ = {isa = PBXBuildFile; fileRef = ABC044B220C4132700C9A897 /* AppDelegate.m */; };
		ABC044BC20C4132700C9A897 /* Main.storyboard in Resources */ = {isa = PBXBuildFile; fileRef = ABC044BA20C4132700C9A897 /* Main.storyboard */; };
		ABC044BE20C4132900C9A897 /* Assets.xcassets in Resources */ = {isa = PBXBuildFile; fileRef = ABC044BD20C4132900C9A897 /* Assets.xcassets */; };
		ABC044C120C4132900C9A897 /* LaunchScreen.storyboard in Resources */ = {isa = PBXBuildFile; fileRef = ABC044BF20C4132900C9A897 /* LaunchScreen.storyboard */; };
		ABC044C420C4132900C9A897 /* main.m in Sources */ = {isa = PBXBuildFile; fileRef = ABC044C320C4132900C9A897 /* main.m */; };
		ABC044CC20C4149900C9A897 /* ServerViewController.m in Sources */ = {isa = PBXBuildFile; fileRef = ABC044CB20C4149900C9A897 /* ServerViewController.m */; };
		ABC044CF20C414AC00C9A897 /* ClientViewController.m in Sources */ = {isa = PBXBuildFile; fileRef = ABC044CE20C414AC00C9A897 /* ClientViewController.m */; };
		ABC044D520C4161500C9A897 /* AsyncUdpSocket.m in Sources */ = {isa = PBXBuildFile; fileRef = ABC044D120C4161500C9A897 /* AsyncUdpSocket.m */; };
		ABC044D620C4161500C9A897 /* AsyncSocket.m in Sources */ = {isa = PBXBuildFile; fileRef = ABC044D320C4161500C9A897 /* AsyncSocket.m */; };
/* End PBXBuildFile section */

/* Begin PBXFileReference section */
		ABC044AE20C4132700C9A897 /* ByteData.app */ = {isa = PBXFileReference; explicitFileType = wrapper.application; includeInIndex = 0; path = ByteData.app; sourceTree = BUILT_PRODUCTS_DIR; };
		ABC044B120C4132700C9A897 /* AppDelegate.h */ = {isa = PBXFileReference; lastKnownFileType = sourcecode.c.h; path = AppDelegate.h; sourceTree = "<group>"; };
		ABC044B220C4132700C9A897 /* AppDelegate.m */ = {isa = PBXFileReference; lastKnownFileType = sourcecode.c.objc; path = AppDelegate.m; sourceTree = "<group>"; };
		ABC044BB20C4132700C9A897 /* Base */ = {isa = PBXFileReference; lastKnownFileType = file.storyboard; name = Base; path = Base.lproj/Main.storyboard; sourceTree = "<group>"; };
		ABC044BD20C4132900C9A897 /* Assets.xcassets */ = {isa = PBXFileReference; lastKnownFileType = folder.assetcatalog; path = Assets.xcassets; sourceTree = "<group>"; };
		ABC044C020C4132900C9A897 /* Base */ = {isa = PBXFileReference; lastKnownFileType = file.storyboard; name = Base; path = Base.lproj/LaunchScreen.storyboard; sourceTree = "<group>"; };
		ABC044C220C4132900C9A897 /* Info.plist */ = {isa = PBXFileReference; lastKnownFileType = text.plist.xml; path = Info.plist; sourceTree = "<group>"; };
		ABC044C320C4132900C9A897 /* main.m */ = {isa = PBXFileReference; lastKnownFileType = sourcecode.c.objc; path = main.m; sourceTree = "<group>"; };
		ABC044CA20C4149900C9A897 /* ServerViewController.h */ = {isa = PBXFileReference; lastKnownFileType = sourcecode.c.h; path = ServerViewController.h; sourceTree = "<group>"; };
		ABC044CB20C4149900C9A897 /* ServerViewController.m */ = {isa = PBXFileReference; lastKnownFileType = sourcecode.c.objc; path = ServerViewController.m; sourceTree = "<group>"; };
		ABC044CD20C414AC00C9A897 /* ClientViewController.h */ = {isa = PBXFileReference; lastKnownFileType = sourcecode.c.h; path = ClientViewController.h; sourceTree = "<group>"; };
		ABC044CE20C414AC00C9A897 /* ClientViewController.m */ = {isa = PBXFileReference; lastKnownFileType = sourcecode.c.objc; path = ClientViewController.m; sourceTree = "<group>"; };
		ABC044D120C4161500C9A897 /* AsyncUdpSocket.m */ = {isa = PBXFileReference; fileEncoding = 4; lastKnownFileType = sourcecode.c.objc; path = AsyncUdpSocket.m; sourceTree = "<group>"; };
		ABC044D220C4161500C9A897 /* AsyncSocket.h */ = {isa = PBXFileReference; fileEncoding = 4; lastKnownFileType = sourcecode.c.h; path = AsyncSocket.h; sourceTree = "<group>"; };
		ABC044D320C4161500C9A897 /* AsyncSocket.m */ = {isa = PBXFileReference; fileEncoding = 4; lastKnownFileType = sourcecode.c.objc; path = AsyncSocket.m; sourceTree = "<group>"; };
		ABC044D420C4161500C9A897 /* AsyncUdpSocket.h */ = {isa = PBXFileReference; fileEncoding = 4; lastKnownFileType = sourcecode.c.h; path = AsyncUdpSocket.h; sourceTree = "<group>"; };
/* End PBXFileReference section */

/* Begin PBXFrameworksBuildPhase section */
		ABC044AB20C4132700C9A897 /* Frameworks */ = {
			isa = PBXFrameworksBuildPhase;
			buildActionMask = 2147483647;
			files = (
			);
			runOnlyForDeploymentPostprocessing = 0;
		};
/* End PBXFrameworksBuildPhase section */

/* Begin PBXGroup section */
		ABC044A520C4132700C9A897 = {
			isa = PBXGroup;
			children = (
				ABC044B020C4132700C9A897 /* ByteData */,
				ABC044AF20C4132700C9A897 /* Products */,
			);
			sourceTree = "<group>";
		};
		ABC044AF20C4132700C9A897 /* Products */ = {
			isa = PBXGroup;
			children = (
				ABC044AE20C4132700C9A897 /* ByteData.app */,
			);
			name = Products;
			sourceTree = "<group>";
		};
		ABC044B020C4132700C9A897 /* ByteData */ = {
			isa = PBXGroup;
			children = (
				ABC044B120C4132700C9A897 /* AppDelegate.h */,
				ABC044B220C4132700C9A897 /* AppDelegate.m */,
				ABC044CA20C4149900C9A897 /* ServerViewController.h */,
				ABC044CB20C4149900C9A897 /* ServerViewController.m */,
				ABC044CD20C414AC00C9A897 /* ClientViewController.h */,
				ABC044CE20C414AC00C9A897 /* ClientViewController.m */,
				ABC044D020C4161500C9A897 /* Socket */,
				ABC044BA20C4132700C9A897 /* Main.storyboard */,
				ABC044BD20C4132900C9A897 /* Assets.xcassets */,
				ABC044BF20C4132900C9A897 /* LaunchScreen.storyboard */,
				ABC044C220C4132900C9A897 /* Info.plist */,
				ABC044C320C4132900C9A897 /* main.m */,
			);
			path = ByteData;
			sourceTree = "<group>";
		};
		ABC044D020C4161500C9A897 /* Socket */ = {
			isa = PBXGroup;
			children = (
				ABC044D120C4161500C9A897 /* AsyncUdpSocket.m */,
				ABC044D220C4161500C9A897 /* AsyncSocket.h */,
				ABC044D320C4161500C9A897 /* AsyncSocket.m */,
				ABC044D420C4161500C9A897 /* AsyncUdpSocket.h */,
			);
			path = Socket;
			sourceTree = "<group>";
		};
/* End PBXGroup section */

/* Begin PBXNativeTarget section */
		ABC044AD20C4132700C9A897 /* ByteData */ = {
			isa = PBXNativeTarget;
			buildConfigurationList = ABC044C720C4132900C9A897 /* Build configuration list for PBXNativeTarget "ByteData" */;
			buildPhases = (
				ABC044AA20C4132700C9A897 /* Sources */,
				ABC044AB20C4132700C9A897 /* Frameworks */,
				ABC044AC20C4132700C9A897 /* Resources */,
			);
			buildRules = (
			);
			dependencies = (
			);
			name = ByteData;
			productName = ByteData;
			productReference = ABC044AE20C4132700C9A897 /* ByteData.app */;
			productType = "com.apple.product-type.application";
		};
/* End PBXNativeTarget section */

/* Begin PBXProject section */
		ABC044A620C4132700C9A897 /* Project object */ = {
			isa = PBXProject;
			attributes = {
				LastUpgradeCheck = 0930;
				ORGANIZATIONNAME = zuiye;
				TargetAttributes = {
					ABC044AD20C4132700C9A897 = {
						CreatedOnToolsVersion = 9.3;
					};
				};
			};
			buildConfigurationList = ABC044A920C4132700C9A897 /* Build configuration list for PBXProject "ByteData" */;
			compatibilityVersion = "Xcode 9.3";
			developmentRegion = en;
			hasScannedForEncodings = 0;
			knownRegions = (
				en,
				Base,
			);
			mainGroup = ABC044A520C4132700C9A897;
			productRefGroup = ABC044AF20C4132700C9A897 /* Products */;
			projectDirPath = "";
			projectRoot = "";
			targets = (
				ABC044AD20C4132700C9A897 /* ByteData */,
			);
		};
/* End PBXProject section */

/* Begin PBXResourcesBuildPhase section */
		ABC044AC20C4132700C9A897 /* Resources */ = {
			isa = PBXResourcesBuildPhase;
			buildActionMask = 2147483647;
			files = (
				ABC044C120C4132900C9A897 /* LaunchScreen.storyboard in Resources */,
				ABC044BE20C4132900C9A897 /* Assets.xcassets in Resources */,
				ABC044BC20C4132700C9A897 /* Main.storyboard in Resources */,
			);
			runOnlyForDeploymentPostprocessing = 0;
		};
/* End PBXResourcesBuildPhase section */

/* Begin PBXSourcesBuildPhase section */
		ABC044AA20C4132700C9A897 /* Sources */ = {
			isa = PBXSourcesBuildPhase;
			buildActionMask = 2147483647;
			files = (
				ABC044CC20C4149900C9A897 /* ServerViewController.m in Sources */,
				ABC044D520C4161500C9A897 /* AsyncUdpSocket.m in Sources */,
				ABC044B320C4132700C9A897 /* AppDelegate.m in Sources */,
				ABC044D620C4161500C9A897 /* AsyncSocket.m in Sources */,
				ABC044C420C4132900C9A897 /* main.m in Sources */,
				ABC044CF20C414AC00C9A897 /* ClientViewController.m in Sources */,
			);
			runOnlyForDeploymentPostprocessing = 0;
		};
/* End PBXSourcesBuildPhase section */

/* Begin PBXVariantGroup section */
		ABC044BA20C4132700C9A897 /* Main.storyboard */ = {
			isa = PBXVariantGroup;
			children = (
				ABC044BB20C4132700C9A897 /* Base */,
			);
			name = Main.storyboard;
			sourceTree = "<group>";
		};
		ABC044BF20C4132900C9A897 /* LaunchScreen.storyboard */ = {
			isa = PBXVariantGroup;
			children = (
				ABC044C020C4132900C9A897 /* Base */,
			);
			name = LaunchScreen.storyboard;
			sourceTree = "<group>";
		};
/* End PBXVariantGroup section */

/* Begin XCBuildConfiguration section */
		ABC044C520C4132900C9A897 /* Debug */ = {
			isa = XCBuildConfiguration;
			buildSettings = {
				ALWAYS_SEARCH_USER_PATHS = NO;
				CLANG_ANALYZER_NONNULL = YES;
				CLANG_ANALYZER_NUMBER_OBJECT_CONVERSION = YES_AGGRESSIVE;
				CLANG_CXX_LANGUAGE_STANDARD = "gnu++14";
				CLANG_CXX_LIBRARY = "libc++";
				CLANG_ENABLE_MODULES = YES;
				CLANG_ENABLE_OBJC_ARC = YES;
				CLANG_ENABLE_OBJC_WEAK = YES;
				CLANG_WARN_BLOCK_CAPTURE_AUTORELEASING = YES;
				CLANG_WARN_BOOL_CONVERSION = YES;
				CLANG_WARN_COMMA = YES;
				CLANG_WARN_CONSTANT_CONVERSION = YES;
				CLANG_WARN_DEPRECATED_OBJC_IMPLEMENTATIONS = YES;
				CLANG_WARN_DIRECT_OBJC_ISA_USAGE = YES_ERROR;
				CLANG_WARN_DOCUMENTATION_COMMENTS = YES;
				CLANG_WARN_EMPTY_BODY = YES;
				CLANG_WARN_ENUM_CONVERSION = YES;
				CLANG_WARN_INFINITE_RECURSION = YES;
				CLANG_WARN_INT_CONVERSION = YES;
				CLANG_WARN_NON_LITERAL_NULL_CONVERSION = YES;
				CLANG_WARN_OBJC_IMPLICIT_RETAIN_SELF = YES;
				CLANG_WARN_OBJC_LITERAL_CONVERSION = YES;
				CLANG_WARN_OBJC_ROOT_CLASS = YES_ERROR;
				CLANG_WARN_RANGE_LOOP_ANALYSIS = YES;
				CLANG_WARN_STRICT_PROTOTYPES = YES;
				CLANG_WARN_SUSPICIOUS_MOVE = YES;
				CLANG_WARN_UNGUARDED_AVAILABILITY = YES_AGGRESSIVE;
				CLANG_WARN_UNREACHABLE_CODE = YES;
				CLANG_WARN__DUPLICATE_METHOD_MATCH = YES;
				CODE_SIGN_IDENTITY = "iPhone Developer";
				COPY_PHASE_STRIP = NO;
				DEBUG_INFORMATION_FORMAT = dwarf;
				ENABLE_STRICT_OBJC_MSGSEND = YES;
				ENABLE_TESTABILITY = YES;
				GCC_C_LANGUAGE_STANDARD = gnu11;
				GCC_DYNAMIC_NO_PIC = NO;
				GCC_NO_COMMON_BLOCKS = YES;
				GCC_OPTIMIZATION_LEVEL = 0;
				GCC_PREPROCESSOR_DEFINITIONS = (
					"DEBUG=1",
					"$(inherited)",
				);
				GCC_WARN_64_TO_32_BIT_CONVERSION = YES;
				GCC_WARN_ABOUT_RETURN_TYPE = YES_ERROR;
				GCC_WARN_UNDECLARED_SELECTOR = YES;
				GCC_WARN_UNINITIALIZED_AUTOS = YES_AGGRESSIVE;
				GCC_WARN_UNUSED_FUNCTION = YES;
				GCC_WARN_UNUSED_VARIABLE = YES;
				IPHONEOS_DEPLOYMENT_TARGET = 11.3;
				MTL_ENABLE_DEBUG_INFO = YES;
				ONLY_ACTIVE_ARCH = YES;
				SDKROOT = iphoneos;
			};
			name = Debug;
		};
		ABC044C620C4132900C9A897 /* Release */ = {
			isa = XCBuildConfiguration;
			buildSettings = {
				ALWAYS_SEARCH_USER_PATHS = NO;
				CLANG_ANALYZER_NONNULL = YES;
				CLANG_ANALYZER_NUMBER_OBJECT_CONVERSION = YES_AGGRESSIVE;
				CLANG_CXX_LANGUAGE_STANDARD = "gnu++14";
				CLANG_CXX_LIBRARY = "libc++";
				CLANG_ENABLE_MODULES = YES;
				CLANG_ENABLE_OBJC_ARC = YES;
				CLANG_ENABLE_OBJC_WEAK = YES;
				CLANG_WARN_BLOCK_CAPTURE_AUTORELEASING = YES;
				CLANG_WARN_BOOL_CONVERSION = YES;
				CLANG_WARN_COMMA = YES;
				CLANG_WARN_CONSTANT_CONVERSION = YES;
				CLANG_WARN_DEPRECATED_OBJC_IMPLEMENTATIONS = YES;
				CLANG_WARN_DIRECT_OBJC_ISA_USAGE = YES_ERROR;
				CLANG_WARN_DOCUMENTATION_COMMENTS = YES;
				CLANG_WARN_EMPTY_BODY = YES;
				CLANG_WARN_ENUM_CONVERSION = YES;
				CLANG_WARN_INFINITE_RECURSION = YES;
				CLANG_WARN_INT_CONVERSION = YES;
				CLANG_WARN_NON_LITERAL_NULL_CONVERSION = YES;
				CLANG_WARN_OBJC_IMPLICIT_RETAIN_SELF = YES;
				CLANG_WARN_OBJC_LITERAL_CONVERSION = YES;
				CLANG_WARN_OBJC_ROOT_CLASS = YES_ERROR;
				CLANG_WARN_RANGE_LOOP_ANALYSIS = YES;
				CLANG_WARN_STRICT_PROTOTYPES = YES;
				CLANG_WARN_SUSPICIOUS_MOVE = YES;
				CLANG_WARN_UNGUARDED_AVAILABILITY = YES_AGGRESSIVE;
				CLANG_WARN_UNREACHABLE_CODE = YES;
				CLANG_WARN__DUPLICATE_METHOD_MATCH = YES;
				CODE_SIGN_IDENTITY = "iPhone Developer";
				COPY_PHASE_STRIP = NO;
				DEBUG_INFORMATION_FORMAT = "dwarf-with-dsym";
				ENABLE_NS_ASSERTIONS = NO;
				ENABLE_STRICT_OBJC_MSGSEND = YES;
				GCC_C_LANGUAGE_STANDARD = gnu11;
				GCC_NO_COMMON_BLOCKS = YES;
				GCC_WARN_64_TO_32_BIT_CONVERSION = YES;
				GCC_WARN_ABOUT_RETURN_TYPE = YES_ERROR;
				GCC_WARN_UNDECLARED_SELECTOR = YES;
				GCC_WARN_UNINITIALIZED_AUTOS = YES_AGGRESSIVE;
				GCC_WARN_UNUSED_FUNCTION = YES;
				GCC_WARN_UNUSED_VARIABLE = YES;
				IPHONEOS_DEPLOYMENT_TARGET = 11.3;
				MTL_ENABLE_DEBUG_INFO = NO;
				SDKROOT = iphoneos;
				VALIDATE_PRODUCT = YES;
			};
			name = Release;
		};
		ABC044C820C4132900C9A897 /* Debug */ = {
			isa = XCBuildConfiguration;
			buildSettings = {
				ASSETCATALOG_COMPILER_APPICON_NAME = AppIcon;
				CODE_SIGN_STYLE = Automatic;
				INFOPLIST_FILE = ByteData/Info.plist;
				LD_RUNPATH_SEARCH_PATHS = (
					"$(inherited)",
					"@executable_path/Frameworks",
				);
				PRODUCT_BUNDLE_IDENTIFIER = com.zuiye.www.ByteData;
				PRODUCT_NAME = "$(TARGET_NAME)";
				TARGETED_DEVICE_FAMILY = "1,2";
			};
			name = Debug;
		};
		ABC044C920C4132900C9A897 /* Release */ = {
			isa = XCBuildConfiguration;
			buildSettings = {
				ASSETCATALOG_COMPILER_APPICON_NAME = AppIcon;
				CODE_SIGN_STYLE = Automatic;
				INFOPLIST_FILE = ByteData/Info.plist;
				LD_RUNPATH_SEARCH_PATHS = (
					"$(inherited)",
					"@executable_path/Frameworks",
				);
				PRODUCT_BUNDLE_IDENTIFIER = com.zuiye.www.ByteData;
				PRODUCT_NAME = "$(TARGET_NAME)";
				TARGETED_DEVICE_FAMILY = "1,2";
			};
			name = Release;
		};
/* End XCBuildConfiguration section */

/* Begin XCConfigurationList section */
		ABC044A920C4132700C9A897 /* Build configuration list for PBXProject "ByteData" */ = {
			isa = XCConfigurationList;
			buildConfigurations = (
				ABC044C520C4132900C9A897 /* Debug */,
				ABC044C620C4132900C9A897 /* Release */,
			);
			defaultConfigurationIsVisible = 0;
			defaultConfigurationName = Release;
		};
		ABC044C720C4132900C9A897 /* Build configuration list for PBXNativeTarget "ByteData" */ = {
			isa = XCConfigurationList;
			buildConfigurations = (
				ABC044C820C4132900C9A897 /* Debug */,
				ABC044C920C4132900C9A897 /* Release */,
			);
			defaultConfigurationIsVisible = 0;
			defaultConfigurationName = Release;
		};
/* End XCConfigurationList section */
	};
	rootObject = ABC044A620C4132700C9A897 /* Project object */;
}
